{
  "version": 4,
  "terraform_version": "1.5.2",
  "serial": 61,
  "lineage": "de86a02d-67ca-cec6-aae2-c233e126866b",
  "outputs": {},
  "resources": [
    {
      "module": "module.my_vpc_module",
      "mode": "managed",
      "type": "aws_vpc",
      "name": "vpc_terraform",
      "provider": "provider[\"registry.terraform.io/hashicorp/aws\"]",
      "instances": [
        {
          "schema_version": 1,
          "attributes": {
            "arn": "arn:aws:ec2:ap-south-1:001801913598:vpc/vpc-0433ab8e054557e5b",
            "assign_generated_ipv6_cidr_block": false,
            "cidr_block": "172.0.0.0/24",
            "default_network_acl_id": "acl-01bc9f190f25b7af6",
            "default_route_table_id": "rtb-0d0bf24571f058eab",
            "default_security_group_id": "sg-0ed119c366ec80c05",
            "dhcp_options_id": "dopt-071c572cb706b4722",
            "enable_dns_hostnames": false,
            "enable_dns_support": true,
            "enable_network_address_usage_metrics": false,
            "id": "vpc-0433ab8e054557e5b",
            "instance_tenancy": "default",
            "ipv4_ipam_pool_id": null,
            "ipv4_netmask_length": null,
            "ipv6_association_id": "",
            "ipv6_cidr_block": "",
            "ipv6_cidr_block_network_border_group": "",
            "ipv6_ipam_pool_id": "",
            "ipv6_netmask_length": 0,
            "main_route_table_id": "rtb-0d0bf24571f058eab",
            "owner_id": "001801913598",
            "tags": {
              "Name": "vpc_terraform"
            },
            "tags_all": {
              "Name": "vpc_terraform"
            }
          },
          "sensitive_attributes": [],
          "private": "eyJzY2hlbWFfdmVyc2lvbiI6IjEifQ=="
        }
      ]
    }
  ],
  "check_results": null
}
